{
  "version": 4,
  "terraform_version": "1.1.2",
  "serial": 7,
  "lineage": "5ed942e7-a084-9c6e-c90a-03d9a1d971ef",
  "outputs": {},
  "resources": [
    {
      "module": "module.gke-cluster",
      "mode": "managed",
      "type": "google_compute_network",
      "name": "vpc",
      "provider": "module.gke-cluster.provider[\"registry.terraform.io/hashicorp/google\"]",
      "instances": [
        {
          "schema_version": 0,
          "attributes": {
            "auto_create_subnetworks": false,
            "delete_default_routes_on_create": false,
            "description": "",
            "enable_ula_internal_ipv6": false,
            "gateway_ipv4": "",
            "id": "projects/cloudmatos/global/networks/cloudmatos-vpc",
            "internal_ipv6_range": "",
            "mtu": 0,
            "name": "cloudmatos-vpc",
            "project": "cloudmatos",
            "routing_mode": "REGIONAL",
            "self_link": "https://www.googleapis.com/compute/v1/projects/cloudmatos/global/networks/cloudmatos-vpc",
            "timeouts": null
          },
          "sensitive_attributes": [],
          "private": "eyJlMmJmYjczMC1lY2FhLTExZTYtOGY4OC0zNDM2M2JjN2M0YzAiOnsiY3JlYXRlIjoxMjAwMDAwMDAwMDAwLCJkZWxldGUiOjEyMDAwMDAwMDAwMDAsInVwZGF0ZSI6MTIwMDAwMDAwMDAwMH19"
        }
      ]
    },
    {
      "module": "module.gke-cluster",
      "mode": "managed",
      "type": "google_compute_subnetwork",
      "name": "subnet",
      "provider": "module.gke-cluster.provider[\"registry.terraform.io/hashicorp/google\"]",
      "instances": [
        {
          "schema_version": 0,
          "attributes": {
            "creation_timestamp": "2022-06-22T04:50:33.815-07:00",
            "description": "",
            "external_ipv6_prefix": "",
            "fingerprint": null,
            "gateway_address": "10.142.0.1",
            "id": "projects/cloudmatos/regions/us-east1/subnetworks/cloudmatos-subnet",
            "ip_cidr_range": "10.142.0.0/24",
            "ipv6_access_type": "",
            "ipv6_cidr_range": "",
            "log_config": [],
            "name": "cloudmatos-subnet",
            "network": "https://www.googleapis.com/compute/v1/projects/cloudmatos/global/networks/cloudmatos-vpc",
            "private_ip_google_access": false,
            "private_ipv6_google_access": "DISABLE_GOOGLE_ACCESS",
            "project": "cloudmatos",
            "purpose": "PRIVATE",
            "region": "us-east1",
            "role": "",
            "secondary_ip_range": [],
            "self_link": "https://www.googleapis.com/compute/v1/projects/cloudmatos/regions/us-east1/subnetworks/cloudmatos-subnet",
            "stack_type": "IPV4_ONLY",
            "timeouts": null
          },
          "sensitive_attributes": [],
          "private": "eyJlMmJmYjczMC1lY2FhLTExZTYtOGY4OC0zNDM2M2JjN2M0YzAiOnsiY3JlYXRlIjoxMjAwMDAwMDAwMDAwLCJkZWxldGUiOjEyMDAwMDAwMDAwMDAsInVwZGF0ZSI6MTIwMDAwMDAwMDAwMH19",
          "dependencies": [
            "module.gke-cluster.google_compute_network.vpc"
          ]
        }
      ]
    },
    {
      "module": "module.gke-cluster",
      "mode": "managed",
      "type": "google_container_cluster",
      "name": "primary",
      "provider": "module.gke-cluster.provider[\"registry.terraform.io/hashicorp/google\"]",
      "instances": [
        {
          "schema_version": 1,
          "attributes": {
            "addons_config": [
              {
                "cloudrun_config": [],
                "gcp_filestore_csi_driver_config": [],
                "horizontal_pod_autoscaling": [],
                "http_load_balancing": [],
                "network_policy_config": [
                  {
                    "disabled": true
                  }
                ]
              }
            ],
            "authenticator_groups_config": [],
            "cluster_autoscaling": [
              {
                "auto_provisioning_defaults": [],
                "enabled": false,
                "resource_limits": []
              }
            ],
            "cluster_ipv4_cidr": "10.252.0.0/14",
            "confidential_nodes": [],
            "database_encryption": [
              {
                "key_name": "",
                "state": "DECRYPTED"
              }
            ],
            "datapath_provider": "",
            "default_max_pods_per_node": null,
            "default_snat_status": [
              {
                "disabled": false
              }
            ],
            "description": "",
            "dns_config": [],
            "enable_autopilot": false,
            "enable_binary_authorization": false,
            "enable_intranode_visibility": false,
            "enable_kubernetes_alpha": false,
            "enable_legacy_abac": false,
            "enable_shielded_nodes": true,
            "enable_tpu": false,
            "endpoint": "35.231.92.148",
            "id": "projects/cloudmatos/locations/us-east1-b/clusters/cloudmatos-gke",
            "initial_node_count": 1,
            "ip_allocation_policy": [],
            "label_fingerprint": "a9dc16a7",
            "location": "us-east1-b",
            "logging_config": [
              {
                "enable_components": [
                  "SYSTEM_COMPONENTS",
                  "WORKLOADS"
                ]
              }
            ],
            "logging_service": "logging.googleapis.com/kubernetes",
            "maintenance_policy": [],
            "master_auth": [
              {
                "client_certificate": "",
                "client_certificate_config": [
                  {
                    "issue_client_certificate": false
                  }
                ],
                "client_key": "",
                "cluster_ca_certificate": "LS0tLS1CRUdJTiBDRVJUSUZJQ0FURS0tLS0tCk1JSUVMRENDQXBTZ0F3SUJBZ0lRZTJVbjFzd3JMQUhidlN3d0RkSGp1REFOQmdrcWhraUc5dzBCQVFzRkFEQXYKTVMwd0t3WURWUVFERXlSak16YzJNekV6TWkwek1tTm1MVFJoT1dZdFlUaG1NeTA1TnprNU16SmxaR0l6WXpjdwpJQmNOTWpJd05qSXlNVEExTURVMFdoZ1BNakExTWpBMk1UUXhNVFV3TlRSYU1DOHhMVEFyQmdOVkJBTVRKR016Ck56WXpNVE15TFRNeVkyWXROR0U1WmkxaE9HWXpMVGszT1Rrek1tVmtZak5qTnpDQ0FhSXdEUVlKS29aSWh2Y04KQVFFQkJRQURnZ0dQQURDQ0FZb0NnZ0dCQU15WDlXb0hiMDhKcytYRjZCYmlIKzdyb3piZlFKUzdCTDBleWR4YgpzZUJKNC9rLytXV3h4ZnUydTdsNWhtdmMyVVFETStNWDNXdUVKREFDWjk2K1hiS0xTeURCdUx2c2pOL0w2YndqCm5CL0RNTjA1ZnVLV0h3K3RGd2hBQis3OWMvSU9SQWgwVUVjaTNHNjEwTDVkeEFZeXIrYTZmZ0VaMDV6ekoyc04KTVl0MktWZzFIcDJURHRKaUxvZFUyTUcvYmdPdXorelVIdi93RUpUbWVMR01CYnBjVTkvblRRZFkxOTBpK21CUQo2bXBrRjdJOFFETENhQVZyQ0o1cmtDWTdRajQwZ3BsNFhZTlNtU3Vyc2N4YTkwN2pXOWpkREZwNzhvdW1DazJHCmNzaUZRWCtTMGltWmc1azhzNXkraWpTVzJNT2RleGcxc0xYbTE4REVRZDNjZDQ3WHRWSEdqN3M0bFF6V3pUVEMKaE1pR3JCRmNjY3JyZU1OK2tNMmszTnphTmlBTFNsVUNLL2JLQngrZTgyK0V4eGVwcjVJNHhucmYwdjdjRUFOWAppMGV4ekk2eGlrMXgvRkdQZk5tSWt6ODg0Z3J3bDlnZVM0THpFMkpnT3Y3MjdocWtLa2ZENDArSWVTZStmcTRUCmhsQlRpaUlUVWtaTTRNTGZnakxjOTN4Um93SURBUUFCbzBJd1FEQU9CZ05WSFE4QkFmOEVCQU1DQWdRd0R3WUQKVlIwVEFRSC9CQVV3QXdFQi96QWRCZ05WSFE0RUZnUVVTYTY5RitOVk9jL0lIMUprMlhrQ1dPMlZZdEV3RFFZSgpLb1pJaHZjTkFRRUxCUUFEZ2dHQkFFbVNOSVNjWEM4WXhJcWg0L29LOHkvT25SNmFUK3RKQ3A3T1d1MC9GNzlQCjlYMFJjdDdLNHZyTDFrbkdhbDBWVHorbmJYdE8xaURvK2V5WE9CUFMzc3dIUTJFTDBMeHJEcS93RHgwWmJXZ1oKYVNEOXFoQ3NhRG5QcDhycmQ5MjNobEFWck1Sdmt5eEF2ZTFNcHM2K1dEcFhWTGlHZUhMS3Zid0lBdkNJREZsRApybnA2cmZ1YzNpcERqdVVWeTh4Q0Fyb3RpK0tMU2dWOGtWaE11WWtIUU5OSE1JTFNhOG9DQ1JncmNWbTdEdFlBCmtaWHJON0dqUndJN2RoSDYwS1FKNElZL2d2QnNlMDZqTWtXYzFua0hoSHlIR29SL0g0REU0Nlhoblg0cUR1a2oKcE50cVlRTlkzaGhYN2QvTGhIZ2FWcGhmWVRPN1hQVzY1MVNVNDA4K1lFRTNFb0lVcmpBR0lRU3NDbmhCcG1CNgpTY2dWZWR3MUNWdStkczhxd0plNE1HTlVJaW5DN0ZHMnVNeldVdmd2bDlCK2VrOWRBd0FOTVBMMXJ5Qkh0RHVuCm1QNzNBdHNsckdIK3pLbFhMUC9ob3pLMW9DZEl6UWRkVEo2YkhJUm5QZ29Oc0FoTGJOd3hDeTZVakVvNGlkN24KdGVFVFpGWmhuVzEzc0lKVUFqdUJFdz09Ci0tLS0tRU5EIENFUlRJRklDQVRFLS0tLS0K"
              }
            ],
            "master_authorized_networks_config": [],
            "master_version": "1.22.8-gke.202",
            "min_master_version": null,
            "monitoring_config": [
              {
                "enable_components": [
                  "SYSTEM_COMPONENTS"
                ]
              }
            ],
            "monitoring_service": "monitoring.googleapis.com/kubernetes",
            "name": "cloudmatos-gke",
            "network": "projects/cloudmatos/global/networks/cloudmatos-vpc",
            "network_policy": [
              {
                "enabled": false,
                "provider": "PROVIDER_UNSPECIFIED"
              }
            ],
            "networking_mode": "ROUTES",
            "node_config": [
              {
                "boot_disk_kms_key": "",
                "disk_size_gb": 100,
                "disk_type": "pd-standard",
                "gcfs_config": [],
                "guest_accelerator": [],
                "gvnic": [],
                "image_type": "COS_CONTAINERD",
                "labels": {},
                "local_ssd_count": 0,
                "machine_type": "e2-micro",
                "metadata": {
                  "disable-legacy-endpoints": "true"
                },
                "min_cpu_platform": "",
                "node_group": "",
                "oauth_scopes": [
                  "https://www.googleapis.com/auth/cloud-platform"
                ],
                "preemptible": false,
                "service_account": "default",
                "shielded_instance_config": [
                  {
                    "enable_integrity_monitoring": true,
                    "enable_secure_boot": false
                  }
                ],
                "spot": false,
                "tags": [],
                "taint": [],
                "workload_metadata_config": []
              }
            ],
            "node_locations": [],
            "node_pool": [
              {
                "autoscaling": [],
                "initial_node_count": 1,
                "instance_group_urls": [
                  "https://www.googleapis.com/compute/v1/projects/cloudmatos/zones/us-east1-b/instanceGroupManagers/gke-cloudmatos-gke-cloudmatos-gke-nod-7a7bbc25-grp"
                ],
                "managed_instance_group_urls": [
                  "https://www.googleapis.com/compute/v1/projects/cloudmatos/zones/us-east1-b/instanceGroups/gke-cloudmatos-gke-cloudmatos-gke-nod-7a7bbc25-grp"
                ],
                "management": [
                  {
                    "auto_repair": false,
                    "auto_upgrade": false
                  }
                ],
                "max_pods_per_node": 0,
                "name": "cloudmatos-gke-node-pool",
                "name_prefix": "",
                "node_config": [
                  {
                    "boot_disk_kms_key": "",
                    "disk_size_gb": 100,
                    "disk_type": "pd-standard",
                    "gcfs_config": [],
                    "guest_accelerator": [],
                    "gvnic": [],
                    "image_type": "COS_CONTAINERD",
                    "labels": {},
                    "local_ssd_count": 0,
                    "machine_type": "e2-micro",
                    "metadata": {
                      "disable-legacy-endpoints": "true"
                    },
                    "min_cpu_platform": "",
                    "node_group": "",
                    "oauth_scopes": [
                      "https://www.googleapis.com/auth/cloud-platform"
                    ],
                    "preemptible": false,
                    "service_account": "default",
                    "shielded_instance_config": [
                      {
                        "enable_integrity_monitoring": true,
                        "enable_secure_boot": false
                      }
                    ],
                    "spot": false,
                    "tags": [],
                    "taint": [],
                    "workload_metadata_config": []
                  }
                ],
                "node_count": 1,
                "node_locations": [
                  "us-east1-b"
                ],
                "upgrade_settings": [
                  {
                    "max_surge": 1,
                    "max_unavailable": 0
                  }
                ],
                "version": "1.22.8-gke.202"
              }
            ],
            "node_version": "1.22.8-gke.202",
            "operation": null,
            "private_cluster_config": [],
            "private_ipv6_google_access": "",
            "project": "cloudmatos",
            "release_channel": [
              {
                "channel": "UNSPECIFIED"
              }
            ],
            "remove_default_node_pool": true,
            "resource_labels": {},
            "resource_usage_export_config": [],
            "self_link": "https://container.googleapis.com/v1/projects/cloudmatos/zones/us-east1-b/clusters/cloudmatos-gke",
            "services_ipv4_cidr": "10.255.240.0/20",
            "subnetwork": "projects/cloudmatos/regions/us-east1/subnetworks/cloudmatos-subnet",
            "timeouts": null,
            "tpu_ipv4_cidr_block": "",
            "vertical_pod_autoscaling": [],
            "workload_identity_config": []
          },
          "sensitive_attributes": [],
          "private": "eyJlMmJmYjczMC1lY2FhLTExZTYtOGY4OC0zNDM2M2JjN2M0YzAiOnsiY3JlYXRlIjoyNDAwMDAwMDAwMDAwLCJkZWxldGUiOjI0MDAwMDAwMDAwMDAsInJlYWQiOjI0MDAwMDAwMDAwMDAsInVwZGF0ZSI6MzYwMDAwMDAwMDAwMH0sInNjaGVtYV92ZXJzaW9uIjoiMSJ9",
          "dependencies": [
            "module.gke-cluster.google_compute_network.vpc",
            "module.gke-cluster.google_compute_subnetwork.subnet"
          ]
        }
      ]
    },
    {
      "module": "module.gke-cluster",
      "mode": "managed",
      "type": "google_container_node_pool",
      "name": "primary_nodes",
      "provider": "module.gke-cluster.provider[\"registry.terraform.io/hashicorp/google\"]",
      "instances": [
        {
          "schema_version": 1,
          "attributes": {
            "autoscaling": [],
            "cluster": "cloudmatos-gke",
            "id": "projects/cloudmatos/locations/us-east1-b/clusters/cloudmatos-gke/nodePools/cloudmatos-gke-node-pool",
            "initial_node_count": 1,
            "instance_group_urls": [
              "https://www.googleapis.com/compute/v1/projects/cloudmatos/zones/us-east1-b/instanceGroupManagers/gke-cloudmatos-gke-cloudmatos-gke-nod-7a7bbc25-grp"
            ],
            "location": "us-east1-b",
            "managed_instance_group_urls": [
              "https://www.googleapis.com/compute/v1/projects/cloudmatos/zones/us-east1-b/instanceGroups/gke-cloudmatos-gke-cloudmatos-gke-nod-7a7bbc25-grp"
            ],
            "management": [
              {
                "auto_repair": true,
                "auto_upgrade": true
              }
            ],
            "max_pods_per_node": null,
            "name": "cloudmatos-gke-node-pool",
            "name_prefix": "",
            "node_config": [
              {
                "boot_disk_kms_key": "",
                "disk_size_gb": 100,
                "disk_type": "pd-standard",
                "gcfs_config": [],
                "guest_accelerator": [],
                "gvnic": [],
                "image_type": "COS_CONTAINERD",
                "labels": {},
                "local_ssd_count": 0,
                "machine_type": "e2-micro",
                "metadata": {
                  "disable-legacy-endpoints": "true"
                },
                "min_cpu_platform": "",
                "node_group": "",
                "oauth_scopes": [
                  "https://www.googleapis.com/auth/cloud-platform"
                ],
                "preemptible": false,
                "service_account": "default",
                "shielded_instance_config": [
                  {
                    "enable_integrity_monitoring": true,
                    "enable_secure_boot": false
                  }
                ],
                "spot": false,
                "tags": [],
                "taint": [],
                "workload_metadata_config": []
              }
            ],
            "node_count": 1,
            "node_locations": [
              "us-east1-b"
            ],
            "operation": null,
            "project": "cloudmatos",
            "timeouts": null,
            "upgrade_settings": [
              {
                "max_surge": 1,
                "max_unavailable": 0
              }
            ],
            "version": "1.22.8-gke.202"
          },
          "sensitive_attributes": [],
          "private": "eyJlMmJmYjczMC1lY2FhLTExZTYtOGY4OC0zNDM2M2JjN2M0YzAiOnsiY3JlYXRlIjoxODAwMDAwMDAwMDAwLCJkZWxldGUiOjE4MDAwMDAwMDAwMDAsInVwZGF0ZSI6MTgwMDAwMDAwMDAwMH0sInNjaGVtYV92ZXJzaW9uIjoiMSJ9",
          "dependencies": [
            "module.gke-cluster.google_container_cluster.primary"
          ]
        }
      ]
    }
  ]
}
